Microsoft Visual Studio Solution File, Format Version 11.00
# Visual Studio 2008

Project("{41994A2D-5F9D-B19A-21DE-39024A99CB36}") = "EndlessRunner1", "Assembly-CSharp.csproj", "{7056F94E-5E90-C330-F9FB-7B0C513B2C14}"
EndProject
Global
	GlobalSection(SolutionConfigurationPlatforms) = preSolution
		Debug|Any CPU = Debug|Any CPU
		Release|Any CPU = Release|Any CPU
	EndGlobalSection
	GlobalSection(ProjectConfigurationPlatforms) = postSolution
		{7056F94E-5E90-C330-F9FB-7B0C513B2C14}.Debug|Any CPU.ActiveCfg = Debug|Any CPU
		{7056F94E-5E90-C330-F9FB-7B0C513B2C14}.Debug|Any CPU.Build.0 = Debug|Any CPU
		{7056F94E-5E90-C330-F9FB-7B0C513B2C14}.Release|Any CPU.ActiveCfg = Release|Any CPU
		{7056F94E-5E90-C330-F9FB-7B0C513B2C14}.Release|Any CPU.Build.0 = Release|Any CPU
	EndGlobalSection
	GlobalSection(SolutionProperties) = preSolution
		HideSolutionNode = FALSE
	EndGlobalSection
	
EndGlobal
